{
  "name": "github-app-test-repo",
  "version": "1.0.0",
  "lockfileVersion": 1,
  "requires": true,
  "dependencies": {
    "get-in-range": {
      "version": "0.2.4",
      "resolved": "https://registry.npmjs.org/get-in-range/-/get-in-range-0.2.4.tgz",
      "integrity": "sha512-HKwzMM+8zSTJ0pNW+q1Wkh7jVq4IbwvXEU8VMzr3GxQZ5dQ8y6L5Tn8DGWiDnedFSnlyR8pE3bZ9uvJrwZ4iIA=="
    }
  }
}
